
Microsoft Visual Studio Solution File, Format Version 12.00
Project("{FAE04EC0-301F-11D3-BF4B-00C04F79EFBC}") = "LetterHighlighter.ML", "LetterHighlighter.ML\LetterHighlighter.ML.csproj", "{295A41CB-5ACD-41CE-8979-AAB16BC38F0A}"
EndProject
Project("{FAE04EC0-301F-11D3-BF4B-00C04F79EFBC}") = "LetterHighlighter.Core", "LetterHighlighter.Core\LetterHighlighter.Core.csproj", "{BEE36B2B-B836-42A0-A40C-7FA030E7E1A5}"
EndProject
Global
	GlobalSection(SolutionConfigurationPlatforms) = preSolution
		Debug|Any CPU = Debug|Any CPU
		Release|Any CPU = Release|Any CPU
	EndGlobalSection
	GlobalSection(ProjectConfigurationPlatforms) = postSolution
		{295A41CB-5ACD-41CE-8979-AAB16BC38F0A}.Debug|Any CPU.ActiveCfg = Debug|Any CPU
		{295A41CB-5ACD-41CE-8979-AAB16BC38F0A}.Debug|Any CPU.Build.0 = Debug|Any CPU
		{295A41CB-5ACD-41CE-8979-AAB16BC38F0A}.Release|Any CPU.ActiveCfg = Release|Any CPU
		{295A41CB-5ACD-41CE-8979-AAB16BC38F0A}.Release|Any CPU.Build.0 = Release|Any CPU
		{BEE36B2B-B836-42A0-A40C-7FA030E7E1A5}.Debug|Any CPU.ActiveCfg = Debug|Any CPU
		{BEE36B2B-B836-42A0-A40C-7FA030E7E1A5}.Debug|Any CPU.Build.0 = Debug|Any CPU
		{BEE36B2B-B836-42A0-A40C-7FA030E7E1A5}.Release|Any CPU.ActiveCfg = Release|Any CPU
		{BEE36B2B-B836-42A0-A40C-7FA030E7E1A5}.Release|Any CPU.Build.0 = Release|Any CPU
	EndGlobalSection
EndGlobal
